
Microsoft Visual Studio Solution File, Format Version 12.00
# Visual Studio 15
VisualStudioVersion = 15.0.27703.1
MinimumVisualStudioVersion = 10.0.40219.1
Project("{FAE04EC0-301F-11D3-BF4B-00C04F79EFBC}") = "BookService", "BookService\BookService.csproj", "{4177CDEB-FFB6-48DE-B408-A7BD1B904B3A}"
EndProject
Global
	GlobalSection(SolutionConfigurationPlatforms) = preSolution
		Debug|Any CPU = Debug|Any CPU
		Release|Any CPU = Release|Any CPU
	EndGlobalSection
	GlobalSection(ProjectConfigurationPlatforms) = postSolution
		{4177CDEB-FFB6-48DE-B408-A7BD1B904B3A}.Debug|Any CPU.ActiveCfg = Debug|Any CPU
		{4177CDEB-FFB6-48DE-B408-A7BD1B904B3A}.Debug|Any CPU.Build.0 = Debug|Any CPU
		{4177CDEB-FFB6-48DE-B408-A7BD1B904B3A}.Release|Any CPU.ActiveCfg = Release|Any CPU
		{4177CDEB-FFB6-48DE-B408-A7BD1B904B3A}.Release|Any CPU.Build.0 = Release|Any CPU
	EndGlobalSection
	GlobalSection(SolutionProperties) = preSolution
		HideSolutionNode = FALSE
	EndGlobalSection
	GlobalSection(ExtensibilityGlobals) = postSolution
		SolutionGuid = {28BDFF19-EC79-4640-966D-B8CA93E2E024}
	EndGlobalSection
EndGlobal
